Microsoft Visual Studio Solution File, Format Version 8.00
Project("{FAE04EC0-301F-11D3-BF4B-00C04F79EFBC}") = "UmfrageEditor", "http://localhost/UmfrageEditor/UmfrageEditor.csproj", "{0FC11245-02CE-495D-95A9-AC04BD7D6C15}"
	ProjectSection(ProjectDependencies) = postProject
	EndProjectSection
EndProject
Global
	GlobalSection(SolutionConfiguration) = preSolution
		Debug = Debug
		Release = Release
	EndGlobalSection
	GlobalSection(ProjectConfiguration) = postSolution
		{0FC11245-02CE-495D-95A9-AC04BD7D6C15}.Debug.ActiveCfg = Debug|.NET
		{0FC11245-02CE-495D-95A9-AC04BD7D6C15}.Debug.Build.0 = Debug|.NET
		{0FC11245-02CE-495D-95A9-AC04BD7D6C15}.Release.ActiveCfg = Release|.NET
		{0FC11245-02CE-495D-95A9-AC04BD7D6C15}.Release.Build.0 = Release|.NET
	EndGlobalSection
	GlobalSection(ExtensibilityGlobals) = postSolution
	EndGlobalSection
	GlobalSection(ExtensibilityAddIns) = postSolution
	EndGlobalSection
EndGlobal
